
Microsoft Visual Studio Solution File, Format Version 12.00
# Visual Studio Version 17
VisualStudioVersion = 17.7.34024.191
MinimumVisualStudioVersion = 10.0.40219.1
Project("{9A19103F-16F7-4668-BE54-9A1E7A4F7556}") = "Agap.Backend", "Agap.Backend\Agap.Backend.csproj", "{6EA1B90F-E2FB-4864-84D7-7DEEBCD2E904}"
	ProjectSection(ProjectDependencies) = postProject
		{0854689A-3866-443D-B160-E389DBEBD4FE} = {0854689A-3866-443D-B160-E389DBEBD4FE}
	EndProjectSection
EndProject
Project("{9A19103F-16F7-4668-BE54-9A1E7A4F7556}") = "Agap.Frontend", "Agap.Frontend\Agap.Frontend.csproj", "{03B28E17-8425-4082-ADD1-C08BCCD05C29}"
	ProjectSection(ProjectDependencies) = postProject
		{0854689A-3866-443D-B160-E389DBEBD4FE} = {0854689A-3866-443D-B160-E389DBEBD4FE}
	EndProjectSection
EndProject
Project("{9A19103F-16F7-4668-BE54-9A1E7A4F7556}") = "Agap.Shared", "Agap.Shared\Agap.Shared.csproj", "{0854689A-3866-443D-B160-E389DBEBD4FE}"
EndProject
Global
	GlobalSection(SolutionConfigurationPlatforms) = preSolution
		Debug|Any CPU = Debug|Any CPU
		Release|Any CPU = Release|Any CPU
	EndGlobalSection
	GlobalSection(ProjectConfigurationPlatforms) = postSolution
		{6EA1B90F-E2FB-4864-84D7-7DEEBCD2E904}.Debug|Any CPU.ActiveCfg = Debug|Any CPU
		{6EA1B90F-E2FB-4864-84D7-7DEEBCD2E904}.Debug|Any CPU.Build.0 = Debug|Any CPU
		{6EA1B90F-E2FB-4864-84D7-7DEEBCD2E904}.Release|Any CPU.ActiveCfg = Release|Any CPU
		{6EA1B90F-E2FB-4864-84D7-7DEEBCD2E904}.Release|Any CPU.Build.0 = Release|Any CPU
		{03B28E17-8425-4082-ADD1-C08BCCD05C29}.Debug|Any CPU.ActiveCfg = Debug|Any CPU
		{03B28E17-8425-4082-ADD1-C08BCCD05C29}.Debug|Any CPU.Build.0 = Debug|Any CPU
		{03B28E17-8425-4082-ADD1-C08BCCD05C29}.Release|Any CPU.ActiveCfg = Release|Any CPU
		{03B28E17-8425-4082-ADD1-C08BCCD05C29}.Release|Any CPU.Build.0 = Release|Any CPU
		{0854689A-3866-443D-B160-E389DBEBD4FE}.Debug|Any CPU.ActiveCfg = Debug|Any CPU
		{0854689A-3866-443D-B160-E389DBEBD4FE}.Debug|Any CPU.Build.0 = Debug|Any CPU
		{0854689A-3866-443D-B160-E389DBEBD4FE}.Release|Any CPU.ActiveCfg = Release|Any CPU
		{0854689A-3866-443D-B160-E389DBEBD4FE}.Release|Any CPU.Build.0 = Release|Any CPU
	EndGlobalSection
	GlobalSection(SolutionProperties) = preSolution
		HideSolutionNode = FALSE
	EndGlobalSection
	GlobalSection(ExtensibilityGlobals) = postSolution
		SolutionGuid = {EE725261-A549-4732-8064-41AE1AFDC36A}
	EndGlobalSection
EndGlobal
